
Microsoft Visual Studio Solution File, Format Version 12.00
# Visual Studio 15
VisualStudioVersion = 15.0.28307.438
MinimumVisualStudioVersion = 10.0.40219.1
Project("{FAE04EC0-301F-11D3-BF4B-00C04F79EFBC}") = "ConsoleButtons", "ConsoleButtons\ConsoleButtons.csproj", "{6045E74C-5713-4FEB-B6E7-531B0BDE60C0}"
EndProject
Global
	GlobalSection(SolutionConfigurationPlatforms) = preSolution
		Debug|Any CPU = Debug|Any CPU
		Release|Any CPU = Release|Any CPU
	EndGlobalSection
	GlobalSection(ProjectConfigurationPlatforms) = postSolution
		{6045E74C-5713-4FEB-B6E7-531B0BDE60C0}.Debug|Any CPU.ActiveCfg = Debug|Any CPU
		{6045E74C-5713-4FEB-B6E7-531B0BDE60C0}.Debug|Any CPU.Build.0 = Debug|Any CPU
		{6045E74C-5713-4FEB-B6E7-531B0BDE60C0}.Release|Any CPU.ActiveCfg = Release|Any CPU
		{6045E74C-5713-4FEB-B6E7-531B0BDE60C0}.Release|Any CPU.Build.0 = Release|Any CPU
	EndGlobalSection
	GlobalSection(SolutionProperties) = preSolution
		HideSolutionNode = FALSE
	EndGlobalSection
	GlobalSection(ExtensibilityGlobals) = postSolution
		SolutionGuid = {556C49CB-5524-4FAC-92FF-B7C948F56AC7}
	EndGlobalSection
EndGlobal
